
Microsoft Visual Studio Solution File, Format Version 12.00
# Visual Studio 14
VisualStudioVersion = 14.0.25420.1
MinimumVisualStudioVersion = 10.0.40219.1
Project("{8BC9CEB8-8B4A-11D0-8D11-00A0C91BC942}") = "160911 Scheduling", "Scheduling\Scheduling.vcxproj", "{2565B2DE-E2A9-4002-80AF-55580B451C1E}"
EndProject
Project("{8BC9CEB8-8B4A-11D0-8D11-00A0C91BC942}") = "160922-(1) Heap", "160922-(1) Heap\160922-(1) Heap.vcxproj", "{8DE509BB-9377-4619-A8A9-416992807590}"
EndProject
Project("{8BC9CEB8-8B4A-11D0-8D11-00A0C91BC942}") = "160922-(2) Linked List", "160922-(2) Linked List\160922-(2) Linked List.vcxproj", "{5F302253-94E9-4FD5-B026-1135335B94B7}"
EndProject
Project("{8BC9CEB8-8B4A-11D0-8D11-00A0C91BC942}") = "160922-(2)_2nd Linked List", "160922-(2)_2nd Linked List\160922-(2)_2nd Linked List.vcxproj", "{1078FE2D-6F55-420D-B692-A283ADBEC07E}"
EndProject
Project("{8BC9CEB8-8B4A-11D0-8D11-00A0C91BC942}") = "160929-(1) Prim", "160929-(1) Prim\160929-(1) Prim.vcxproj", "{8B9FEA8A-492C-4665-99F1-3F76C7E8443B}"
EndProject
Project("{8BC9CEB8-8B4A-11D0-8D11-00A0C91BC942}") = "Test", "Test\Test.vcxproj", "{3E6973ED-160E-4284-B942-FD6FD31DFE8A}"
EndProject
Project("{8BC9CEB8-8B4A-11D0-8D11-00A0C91BC942}") = "160929-(2) Dijkstra", "160929-(2) Dijkstra\160929-(2) Dijkstra.vcxproj", "{8D792DD5-632A-4377-B222-1EB869C4CA98}"
EndProject
Project("{8BC9CEB8-8B4A-11D0-8D11-00A0C91BC942}") = "161006-(1) DFS", "161006\161006.vcxproj", "{A05C58AA-1E38-4AE1-88D1-A17C5BBF550B}"
EndProject
Project("{8BC9CEB8-8B4A-11D0-8D11-00A0C91BC942}") = "161006-(2) BFS", "161006-(2) BFS\161006-(2) BFS.vcxproj", "{A1FF9DC3-7ACB-460A-AAD5-1A942AFFAB72}"
EndProject
Project("{8BC9CEB8-8B4A-11D0-8D11-00A0C91BC942}") = "161006-(3) Topological Sort", "161006-(3) Topological Sort\161006-(3) Topological Sort.vcxproj", "{02C0EC3C-D19A-4633-8207-EF9B1801BDA1}"
EndProject
Project("{8BC9CEB8-8B4A-11D0-8D11-00A0C91BC942}") = "161013 MaxFlow", "161013 MaxFlow\161013 MaxFlow.vcxproj", "{97271928-8A1A-4ACE-B4FA-1CCB593D0AB3}"
EndProject
Project("{8BC9CEB8-8B4A-11D0-8D11-00A0C91BC942}") = "161027 Escape", "161027 Escape\161027 Escape.vcxproj", "{35879670-3265-4C11-9C1E-8CD6B4E7D3E5}"
EndProject
Project("{8BC9CEB8-8B4A-11D0-8D11-00A0C91BC942}") = "161103 - bipartite", "161103 - bipartite\161103 - bipartite.vcxproj", "{E332290B-7D3A-4B0F-BCE1-C3E4BB739D0C}"
EndProject
Project("{8BC9CEB8-8B4A-11D0-8D11-00A0C91BC942}") = "161103-(2) Chained matrix mult", "161103-(2) Chained matrix mult\161103-(2) Chained matrix mult.vcxproj", "{140163E4-1E7B-4C07-94F4-84B6EF8CC675}"
EndProject
Project("{8BC9CEB8-8B4A-11D0-8D11-00A0C91BC942}") = "161110-(1) Bellman Ford", "161110-(1) Bellman Ford\161110-(1) Bellman Ford.vcxproj", "{41EBD81A-F5E2-4479-BEF0-8951C38101D0}"
EndProject
Project("{8BC9CEB8-8B4A-11D0-8D11-00A0C91BC942}") = "161110-(2) HighTop", "161110-(2) HighTop\161110-(2) HighTop.vcxproj", "{CA3014EC-0001-493D-856F-876E083D9DB7}"
EndProject
Project("{8BC9CEB8-8B4A-11D0-8D11-00A0C91BC942}") = "161117- tournament Bin Packing", "161117- tournament Bin Packing\161117- tournament Bin Packing.vcxproj", "{1636E989-E3BC-4E8C-959B-7BA24AE06C3F}"
EndProject
Project("{8BC9CEB8-8B4A-11D0-8D11-00A0C91BC942}") = "161124 Tournament Bin Packing ECBT", "161124 Tournament Bin Packing ECBT\161124 Tournament Bin Packing ECBT.vcxproj", "{9E85B894-125C-47A3-8848-BA6FBB6F2BBB}"
EndProject
Project("{8BC9CEB8-8B4A-11D0-8D11-00A0C91BC942}") = "161201 Parrarel Sorting", "161201 Parrarel Sorting\161201 Parrarel Sorting.vcxproj", "{FD8AB3AA-DC6C-4F72-9159-15C287259C0E}"
EndProject
Global
	GlobalSection(SolutionConfigurationPlatforms) = preSolution
		Debug|x64 = Debug|x64
		Debug|x86 = Debug|x86
		Release|x64 = Release|x64
		Release|x86 = Release|x86
	EndGlobalSection
	GlobalSection(ProjectConfigurationPlatforms) = postSolution
		{2565B2DE-E2A9-4002-80AF-55580B451C1E}.Debug|x64.ActiveCfg = Debug|x64
		{2565B2DE-E2A9-4002-80AF-55580B451C1E}.Debug|x64.Build.0 = Debug|x64
		{2565B2DE-E2A9-4002-80AF-55580B451C1E}.Debug|x86.ActiveCfg = Debug|Win32
		{2565B2DE-E2A9-4002-80AF-55580B451C1E}.Debug|x86.Build.0 = Debug|Win32
		{2565B2DE-E2A9-4002-80AF-55580B451C1E}.Release|x64.ActiveCfg = Release|x64
		{2565B2DE-E2A9-4002-80AF-55580B451C1E}.Release|x64.Build.0 = Release|x64
		{2565B2DE-E2A9-4002-80AF-55580B451C1E}.Release|x86.ActiveCfg = Release|Win32
		{2565B2DE-E2A9-4002-80AF-55580B451C1E}.Release|x86.Build.0 = Release|Win32
		{8DE509BB-9377-4619-A8A9-416992807590}.Debug|x64.ActiveCfg = Debug|x64
		{8DE509BB-9377-4619-A8A9-416992807590}.Debug|x64.Build.0 = Debug|x64
		{8DE509BB-9377-4619-A8A9-416992807590}.Debug|x86.ActiveCfg = Debug|Win32
		{8DE509BB-9377-4619-A8A9-416992807590}.Debug|x86.Build.0 = Debug|Win32
		{8DE509BB-9377-4619-A8A9-416992807590}.Release|x64.ActiveCfg = Release|x64
		{8DE509BB-9377-4619-A8A9-416992807590}.Release|x64.Build.0 = Release|x64
		{8DE509BB-9377-4619-A8A9-416992807590}.Release|x86.ActiveCfg = Release|Win32
		{8DE509BB-9377-4619-A8A9-416992807590}.Release|x86.Build.0 = Release|Win32
		{5F302253-94E9-4FD5-B026-1135335B94B7}.Debug|x64.ActiveCfg = Debug|x64
		{5F302253-94E9-4FD5-B026-1135335B94B7}.Debug|x64.Build.0 = Debug|x64
		{5F302253-94E9-4FD5-B026-1135335B94B7}.Debug|x86.ActiveCfg = Debug|Win32
		{5F302253-94E9-4FD5-B026-1135335B94B7}.Debug|x86.Build.0 = Debug|Win32
		{5F302253-94E9-4FD5-B026-1135335B94B7}.Release|x64.ActiveCfg = Release|x64
		{5F302253-94E9-4FD5-B026-1135335B94B7}.Release|x64.Build.0 = Release|x64
		{5F302253-94E9-4FD5-B026-1135335B94B7}.Release|x86.ActiveCfg = Release|Win32
		{5F302253-94E9-4FD5-B026-1135335B94B7}.Release|x86.Build.0 = Release|Win32
		{1078FE2D-6F55-420D-B692-A283ADBEC07E}.Debug|x64.ActiveCfg = Debug|x64
		{1078FE2D-6F55-420D-B692-A283ADBEC07E}.Debug|x64.Build.0 = Debug|x64
		{1078FE2D-6F55-420D-B692-A283ADBEC07E}.Debug|x86.ActiveCfg = Debug|Win32
		{1078FE2D-6F55-420D-B692-A283ADBEC07E}.Debug|x86.Build.0 = Debug|Win32
		{1078FE2D-6F55-420D-B692-A283ADBEC07E}.Release|x64.ActiveCfg = Release|x64
		{1078FE2D-6F55-420D-B692-A283ADBEC07E}.Release|x64.Build.0 = Release|x64
		{1078FE2D-6F55-420D-B692-A283ADBEC07E}.Release|x86.ActiveCfg = Release|Win32
		{1078FE2D-6F55-420D-B692-A283ADBEC07E}.Release|x86.Build.0 = Release|Win32
		{8B9FEA8A-492C-4665-99F1-3F76C7E8443B}.Debug|x64.ActiveCfg = Debug|x64
		{8B9FEA8A-492C-4665-99F1-3F76C7E8443B}.Debug|x64.Build.0 = Debug|x64
		{8B9FEA8A-492C-4665-99F1-3F76C7E8443B}.Debug|x86.ActiveCfg = Debug|Win32
		{8B9FEA8A-492C-4665-99F1-3F76C7E8443B}.Debug|x86.Build.0 = Debug|Win32
		{8B9FEA8A-492C-4665-99F1-3F76C7E8443B}.Release|x64.ActiveCfg = Release|x64
		{8B9FEA8A-492C-4665-99F1-3F76C7E8443B}.Release|x64.Build.0 = Release|x64
		{8B9FEA8A-492C-4665-99F1-3F76C7E8443B}.Release|x86.ActiveCfg = Release|Win32
		{8B9FEA8A-492C-4665-99F1-3F76C7E8443B}.Release|x86.Build.0 = Release|Win32
		{3E6973ED-160E-4284-B942-FD6FD31DFE8A}.Debug|x64.ActiveCfg = Debug|x64
		{3E6973ED-160E-4284-B942-FD6FD31DFE8A}.Debug|x64.Build.0 = Debug|x64
		{3E6973ED-160E-4284-B942-FD6FD31DFE8A}.Debug|x86.ActiveCfg = Debug|Win32
		{3E6973ED-160E-4284-B942-FD6FD31DFE8A}.Debug|x86.Build.0 = Debug|Win32
		{3E6973ED-160E-4284-B942-FD6FD31DFE8A}.Release|x64.ActiveCfg = Release|x64
		{3E6973ED-160E-4284-B942-FD6FD31DFE8A}.Release|x64.Build.0 = Release|x64
		{3E6973ED-160E-4284-B942-FD6FD31DFE8A}.Release|x86.ActiveCfg = Release|Win32
		{3E6973ED-160E-4284-B942-FD6FD31DFE8A}.Release|x86.Build.0 = Release|Win32
		{8D792DD5-632A-4377-B222-1EB869C4CA98}.Debug|x64.ActiveCfg = Debug|x64
		{8D792DD5-632A-4377-B222-1EB869C4CA98}.Debug|x64.Build.0 = Debug|x64
		{8D792DD5-632A-4377-B222-1EB869C4CA98}.Debug|x86.ActiveCfg = Debug|Win32
		{8D792DD5-632A-4377-B222-1EB869C4CA98}.Debug|x86.Build.0 = Debug|Win32
		{8D792DD5-632A-4377-B222-1EB869C4CA98}.Release|x64.ActiveCfg = Release|x64
		{8D792DD5-632A-4377-B222-1EB869C4CA98}.Release|x64.Build.0 = Release|x64
		{8D792DD5-632A-4377-B222-1EB869C4CA98}.Release|x86.ActiveCfg = Release|Win32
		{8D792DD5-632A-4377-B222-1EB869C4CA98}.Release|x86.Build.0 = Release|Win32
		{A05C58AA-1E38-4AE1-88D1-A17C5BBF550B}.Debug|x64.ActiveCfg = Debug|x64
		{A05C58AA-1E38-4AE1-88D1-A17C5BBF550B}.Debug|x64.Build.0 = Debug|x64
		{A05C58AA-1E38-4AE1-88D1-A17C5BBF550B}.Debug|x86.ActiveCfg = Debug|Win32
		{A05C58AA-1E38-4AE1-88D1-A17C5BBF550B}.Debug|x86.Build.0 = Debug|Win32
		{A05C58AA-1E38-4AE1-88D1-A17C5BBF550B}.Release|x64.ActiveCfg = Release|x64
		{A05C58AA-1E38-4AE1-88D1-A17C5BBF550B}.Release|x64.Build.0 = Release|x64
		{A05C58AA-1E38-4AE1-88D1-A17C5BBF550B}.Release|x86.ActiveCfg = Release|Win32
		{A05C58AA-1E38-4AE1-88D1-A17C5BBF550B}.Release|x86.Build.0 = Release|Win32
		{A1FF9DC3-7ACB-460A-AAD5-1A942AFFAB72}.Debug|x64.ActiveCfg = Debug|x64
		{A1FF9DC3-7ACB-460A-AAD5-1A942AFFAB72}.Debug|x64.Build.0 = Debug|x64
		{A1FF9DC3-7ACB-460A-AAD5-1A942AFFAB72}.Debug|x86.ActiveCfg = Debug|Win32
		{A1FF9DC3-7ACB-460A-AAD5-1A942AFFAB72}.Debug|x86.Build.0 = Debug|Win32
		{A1FF9DC3-7ACB-460A-AAD5-1A942AFFAB72}.Release|x64.ActiveCfg = Release|x64
		{A1FF9DC3-7ACB-460A-AAD5-1A942AFFAB72}.Release|x64.Build.0 = Release|x64
		{A1FF9DC3-7ACB-460A-AAD5-1A942AFFAB72}.Release|x86.ActiveCfg = Release|Win32
		{A1FF9DC3-7ACB-460A-AAD5-1A942AFFAB72}.Release|x86.Build.0 = Release|Win32
		{02C0EC3C-D19A-4633-8207-EF9B1801BDA1}.Debug|x64.ActiveCfg = Debug|x64
		{02C0EC3C-D19A-4633-8207-EF9B1801BDA1}.Debug|x64.Build.0 = Debug|x64
		{02C0EC3C-D19A-4633-8207-EF9B1801BDA1}.Debug|x86.ActiveCfg = Debug|Win32
		{02C0EC3C-D19A-4633-8207-EF9B1801BDA1}.Debug|x86.Build.0 = Debug|Win32
		{02C0EC3C-D19A-4633-8207-EF9B1801BDA1}.Release|x64.ActiveCfg = Release|x64
		{02C0EC3C-D19A-4633-8207-EF9B1801BDA1}.Release|x64.Build.0 = Release|x64
		{02C0EC3C-D19A-4633-8207-EF9B1801BDA1}.Release|x86.ActiveCfg = Release|Win32
		{02C0EC3C-D19A-4633-8207-EF9B1801BDA1}.Release|x86.Build.0 = Release|Win32
		{97271928-8A1A-4ACE-B4FA-1CCB593D0AB3}.Debug|x64.ActiveCfg = Debug|x64
		{97271928-8A1A-4ACE-B4FA-1CCB593D0AB3}.Debug|x64.Build.0 = Debug|x64
		{97271928-8A1A-4ACE-B4FA-1CCB593D0AB3}.Debug|x86.ActiveCfg = Debug|Win32
		{97271928-8A1A-4ACE-B4FA-1CCB593D0AB3}.Debug|x86.Build.0 = Debug|Win32
		{97271928-8A1A-4ACE-B4FA-1CCB593D0AB3}.Release|x64.ActiveCfg = Release|x64
		{97271928-8A1A-4ACE-B4FA-1CCB593D0AB3}.Release|x64.Build.0 = Release|x64
		{97271928-8A1A-4ACE-B4FA-1CCB593D0AB3}.Release|x86.ActiveCfg = Release|Win32
		{97271928-8A1A-4ACE-B4FA-1CCB593D0AB3}.Release|x86.Build.0 = Release|Win32
		{35879670-3265-4C11-9C1E-8CD6B4E7D3E5}.Debug|x64.ActiveCfg = Debug|x64
		{35879670-3265-4C11-9C1E-8CD6B4E7D3E5}.Debug|x64.Build.0 = Debug|x64
		{35879670-3265-4C11-9C1E-8CD6B4E7D3E5}.Debug|x86.ActiveCfg = Debug|Win32
		{35879670-3265-4C11-9C1E-8CD6B4E7D3E5}.Debug|x86.Build.0 = Debug|Win32
		{35879670-3265-4C11-9C1E-8CD6B4E7D3E5}.Release|x64.ActiveCfg = Release|x64
		{35879670-3265-4C11-9C1E-8CD6B4E7D3E5}.Release|x64.Build.0 = Release|x64
		{35879670-3265-4C11-9C1E-8CD6B4E7D3E5}.Release|x86.ActiveCfg = Release|Win32
		{35879670-3265-4C11-9C1E-8CD6B4E7D3E5}.Release|x86.Build.0 = Release|Win32
		{E332290B-7D3A-4B0F-BCE1-C3E4BB739D0C}.Debug|x64.ActiveCfg = Debug|x64
		{E332290B-7D3A-4B0F-BCE1-C3E4BB739D0C}.Debug|x64.Build.0 = Debug|x64
		{E332290B-7D3A-4B0F-BCE1-C3E4BB739D0C}.Debug|x86.ActiveCfg = Debug|Win32
		{E332290B-7D3A-4B0F-BCE1-C3E4BB739D0C}.Debug|x86.Build.0 = Debug|Win32
		{E332290B-7D3A-4B0F-BCE1-C3E4BB739D0C}.Release|x64.ActiveCfg = Release|x64
		{E332290B-7D3A-4B0F-BCE1-C3E4BB739D0C}.Release|x64.Build.0 = Release|x64
		{E332290B-7D3A-4B0F-BCE1-C3E4BB739D0C}.Release|x86.ActiveCfg = Release|Win32
		{E332290B-7D3A-4B0F-BCE1-C3E4BB739D0C}.Release|x86.Build.0 = Release|Win32
		{140163E4-1E7B-4C07-94F4-84B6EF8CC675}.Debug|x64.ActiveCfg = Debug|x64
		{140163E4-1E7B-4C07-94F4-84B6EF8CC675}.Debug|x64.Build.0 = Debug|x64
		{140163E4-1E7B-4C07-94F4-84B6EF8CC675}.Debug|x86.ActiveCfg = Debug|Win32
		{140163E4-1E7B-4C07-94F4-84B6EF8CC675}.Debug|x86.Build.0 = Debug|Win32
		{140163E4-1E7B-4C07-94F4-84B6EF8CC675}.Release|x64.ActiveCfg = Release|x64
		{140163E4-1E7B-4C07-94F4-84B6EF8CC675}.Release|x64.Build.0 = Release|x64
		{140163E4-1E7B-4C07-94F4-84B6EF8CC675}.Release|x86.ActiveCfg = Release|Win32
		{140163E4-1E7B-4C07-94F4-84B6EF8CC675}.Release|x86.Build.0 = Release|Win32
		{41EBD81A-F5E2-4479-BEF0-8951C38101D0}.Debug|x64.ActiveCfg = Debug|x64
		{41EBD81A-F5E2-4479-BEF0-8951C38101D0}.Debug|x64.Build.0 = Debug|x64
		{41EBD81A-F5E2-4479-BEF0-8951C38101D0}.Debug|x86.ActiveCfg = Debug|Win32
		{41EBD81A-F5E2-4479-BEF0-8951C38101D0}.Debug|x86.Build.0 = Debug|Win32
		{41EBD81A-F5E2-4479-BEF0-8951C38101D0}.Release|x64.ActiveCfg = Release|x64
		{41EBD81A-F5E2-4479-BEF0-8951C38101D0}.Release|x64.Build.0 = Release|x64
		{41EBD81A-F5E2-4479-BEF0-8951C38101D0}.Release|x86.ActiveCfg = Release|Win32
		{41EBD81A-F5E2-4479-BEF0-8951C38101D0}.Release|x86.Build.0 = Release|Win32
		{CA3014EC-0001-493D-856F-876E083D9DB7}.Debug|x64.ActiveCfg = Debug|x64
		{CA3014EC-0001-493D-856F-876E083D9DB7}.Debug|x64.Build.0 = Debug|x64
		{CA3014EC-0001-493D-856F-876E083D9DB7}.Debug|x86.ActiveCfg = Debug|Win32
		{CA3014EC-0001-493D-856F-876E083D9DB7}.Debug|x86.Build.0 = Debug|Win32
		{CA3014EC-0001-493D-856F-876E083D9DB7}.Release|x64.ActiveCfg = Release|x64
		{CA3014EC-0001-493D-856F-876E083D9DB7}.Release|x64.Build.0 = Release|x64
		{CA3014EC-0001-493D-856F-876E083D9DB7}.Release|x86.ActiveCfg = Release|Win32
		{CA3014EC-0001-493D-856F-876E083D9DB7}.Release|x86.Build.0 = Release|Win32
		{1636E989-E3BC-4E8C-959B-7BA24AE06C3F}.Debug|x64.ActiveCfg = Debug|x64
		{1636E989-E3BC-4E8C-959B-7BA24AE06C3F}.Debug|x64.Build.0 = Debug|x64
		{1636E989-E3BC-4E8C-959B-7BA24AE06C3F}.Debug|x86.ActiveCfg = Debug|Win32
		{1636E989-E3BC-4E8C-959B-7BA24AE06C3F}.Debug|x86.Build.0 = Debug|Win32
		{1636E989-E3BC-4E8C-959B-7BA24AE06C3F}.Release|x64.ActiveCfg = Release|x64
		{1636E989-E3BC-4E8C-959B-7BA24AE06C3F}.Release|x64.Build.0 = Release|x64
		{1636E989-E3BC-4E8C-959B-7BA24AE06C3F}.Release|x86.ActiveCfg = Release|Win32
		{1636E989-E3BC-4E8C-959B-7BA24AE06C3F}.Release|x86.Build.0 = Release|Win32
		{9E85B894-125C-47A3-8848-BA6FBB6F2BBB}.Debug|x64.ActiveCfg = Debug|x64
		{9E85B894-125C-47A3-8848-BA6FBB6F2BBB}.Debug|x64.Build.0 = Debug|x64
		{9E85B894-125C-47A3-8848-BA6FBB6F2BBB}.Debug|x86.ActiveCfg = Debug|Win32
		{9E85B894-125C-47A3-8848-BA6FBB6F2BBB}.Debug|x86.Build.0 = Debug|Win32
		{9E85B894-125C-47A3-8848-BA6FBB6F2BBB}.Release|x64.ActiveCfg = Release|x64
		{9E85B894-125C-47A3-8848-BA6FBB6F2BBB}.Release|x64.Build.0 = Release|x64
		{9E85B894-125C-47A3-8848-BA6FBB6F2BBB}.Release|x86.ActiveCfg = Release|Win32
		{9E85B894-125C-47A3-8848-BA6FBB6F2BBB}.Release|x86.Build.0 = Release|Win32
		{FD8AB3AA-DC6C-4F72-9159-15C287259C0E}.Debug|x64.ActiveCfg = Debug|x64
		{FD8AB3AA-DC6C-4F72-9159-15C287259C0E}.Debug|x64.Build.0 = Debug|x64
		{FD8AB3AA-DC6C-4F72-9159-15C287259C0E}.Debug|x86.ActiveCfg = Debug|Win32
		{FD8AB3AA-DC6C-4F72-9159-15C287259C0E}.Debug|x86.Build.0 = Debug|Win32
		{FD8AB3AA-DC6C-4F72-9159-15C287259C0E}.Release|x64.ActiveCfg = Release|x64
		{FD8AB3AA-DC6C-4F72-9159-15C287259C0E}.Release|x64.Build.0 = Release|x64
		{FD8AB3AA-DC6C-4F72-9159-15C287259C0E}.Release|x86.ActiveCfg = Release|Win32
		{FD8AB3AA-DC6C-4F72-9159-15C287259C0E}.Release|x86.Build.0 = Release|Win32
	EndGlobalSection
	GlobalSection(SolutionProperties) = preSolution
		HideSolutionNode = FALSE
	EndGlobalSection
EndGlobal
